
Microsoft Visual Studio Solution File, Format Version 12.00
# Visual Studio Version 16
VisualStudioVersion = 16.0.30621.155
MinimumVisualStudioVersion = 10.0.40219.1
Project("{8BC9CEB8-8B4A-11D0-8D11-00A0C91BC942}") = "obfStringgenerator", "obfStringgenerator.vcxproj", "{C368B2FB-D3D6-464A-8D56-F60FA920BC63}"
EndProject
Global
	GlobalSection(SolutionConfigurationPlatforms) = preSolution
		Debug|x64 = Debug|x64
		Debug|x86 = Debug|x86
		Release|x64 = Release|x64
		Release|x86 = Release|x86
	EndGlobalSection
	GlobalSection(ProjectConfigurationPlatforms) = postSolution
		{C368B2FB-D3D6-464A-8D56-F60FA920BC63}.Debug|x64.ActiveCfg = Debug|x64
		{C368B2FB-D3D6-464A-8D56-F60FA920BC63}.Debug|x64.Build.0 = Debug|x64
		{C368B2FB-D3D6-464A-8D56-F60FA920BC63}.Debug|x86.ActiveCfg = Debug|Win32
		{C368B2FB-D3D6-464A-8D56-F60FA920BC63}.Debug|x86.Build.0 = Debug|Win32
		{C368B2FB-D3D6-464A-8D56-F60FA920BC63}.Release|x64.ActiveCfg = Release|x64
		{C368B2FB-D3D6-464A-8D56-F60FA920BC63}.Release|x64.Build.0 = Release|x64
		{C368B2FB-D3D6-464A-8D56-F60FA920BC63}.Release|x86.ActiveCfg = Release|Win32
		{C368B2FB-D3D6-464A-8D56-F60FA920BC63}.Release|x86.Build.0 = Release|Win32
	EndGlobalSection
	GlobalSection(SolutionProperties) = preSolution
		HideSolutionNode = FALSE
	EndGlobalSection
	GlobalSection(ExtensibilityGlobals) = postSolution
		SolutionGuid = {611BEE50-8706-470D-8381-18FB1F29E350}
	EndGlobalSection
EndGlobal
